PODS:
  - AFNetworking:
    - AFNetworking/Core
    - AFNetworking/UIKit+AFNetworking
  - AFNetworking/Core
  - AFNetworking/UIKit+AFNetworking
  - ISO8601DateFormatter (0.6)
  - Mantle (1.2):
    - Mantle/extobjc
  - Mantle/extobjc (1.2)

DEPENDENCIES:
  - AFNetworking
  - ISO8601DateFormatter (~> 0.6)
  - Mantle (~> 1.2)

COCOAPODS: 0.23.0
